
Microsoft Visual Studio Solution File, Format Version 12.00
# Visual Studio Version 16
VisualStudioVersion = 25.0.1706.4
MinimumVisualStudioVersion = 10.0.40219.1
Project("{FAE04EC0-301F-11D3-BF4B-00C04F79EFBC}") = "TecmesAPI", "TecmesAPI\TecmesAPI.csproj", "{B28A443B-B8E6-4E53-91E7-96EDA07C9CEC}"
EndProject
Global
	GlobalSection(SolutionConfigurationPlatforms) = preSolution
		Debug|Any CPU = Debug|Any CPU
		Release|Any CPU = Release|Any CPU
	EndGlobalSection
	GlobalSection(ProjectConfigurationPlatforms) = postSolution
		{B28A443B-B8E6-4E53-91E7-96EDA07C9CEC}.Debug|Any CPU.ActiveCfg = Debug|Any CPU
		{B28A443B-B8E6-4E53-91E7-96EDA07C9CEC}.Debug|Any CPU.Build.0 = Debug|Any CPU
		{B28A443B-B8E6-4E53-91E7-96EDA07C9CEC}.Release|Any CPU.ActiveCfg = Release|Any CPU
		{B28A443B-B8E6-4E53-91E7-96EDA07C9CEC}.Release|Any CPU.Build.0 = Release|Any CPU
	EndGlobalSection
	GlobalSection(SolutionProperties) = preSolution
		HideSolutionNode = FALSE
	EndGlobalSection
	GlobalSection(ExtensibilityGlobals) = postSolution
		SolutionGuid = {8E2350B7-059A-49B6-A84B-69578E1AFCEE}
	EndGlobalSection
EndGlobal
